
Microsoft Visual Studio Solution File, Format Version 12.00
# Visual Studio Version 17
VisualStudioVersion = 17.13.35825.156 d17.13
MinimumVisualStudioVersion = 10.0.40219.1
Project("{FAE04EC0-301F-11D3-BF4B-00C04F79EFBC}") = "SkipFishingMod", "SkipFishingMod\SkipFishingMod.csproj", "{024004DE-56D3-4F83-A807-BE6C3C67DFD2}"
EndProject
Project("{FAE04EC0-301F-11D3-BF4B-00C04F79EFBC}") = "EndlessLateNights", "EndlessLateNights\EndlessLateNights.csproj", "{7F70F242-7340-45A5-B26B-AE74D518A179}"
EndProject
Project("{FAE04EC0-301F-11D3-BF4B-00C04F79EFBC}") = "LargeBatchCooking", "LargeBatchCooking\LargeBatchCooking.csproj", "{A57B5CF2-CA74-4482-AE84-E2B9D888D5C7}"
EndProject
Project("{FAE04EC0-301F-11D3-BF4B-00C04F79EFBC}") = "FishingChanges", "FishingChanges\FishingChanges.csproj", "{39EF14E6-AB22-43BC-B155-779712499514}"
EndProject
Project("{FAE04EC0-301F-11D3-BF4B-00C04F79EFBC}") = "BetterTools", "BetterTools\BetterTools.csproj", "{8F38AD19-B833-48C4-AA49-26F542137468}"
EndProject
Project("{FAE04EC0-301F-11D3-BF4B-00C04F79EFBC}") = "MapLayoutChanges", "MapLayoutChanges\MapLayoutChanges.csproj", "{32F9FA15-F413-4EE9-8BBC-3250959712CC}"
EndProject
Project("{FAE04EC0-301F-11D3-BF4B-00C04F79EFBC}") = "CustomerChatLines", "CustomerChatLines\CustomerChatLines.csproj", "{91C3F806-4B45-45BA-BBD7-E8113DFC9BF4}"
EndProject
Project("{FAE04EC0-301F-11D3-BF4B-00C04F79EFBC}") = "ImprovedClicks", "ImprovedClicks\ImprovedClicks.csproj", "{2274A1B5-DE30-44B9-91BA-2070E618DE84}"
EndProject
Project("{FAE04EC0-301F-11D3-BF4B-00C04F79EFBC}") = "SoundEditor", "SoundEditor\SoundEditor.csproj", "{B77BE536-0131-4293-8B08-5631514731EF}"
EndProject
Project("{FAE04EC0-301F-11D3-BF4B-00C04F79EFBC}") = "RestlessCheats", "RestlessCheats\RestlessCheats.csproj", "{FA81AD87-0800-4322-826D-9E1F7230237A}"
EndProject
Project("{FAE04EC0-301F-11D3-BF4B-00C04F79EFBC}") = "NoSleepingInGameWeeks", "NoSleepingInGameWeeks\NoSleepingInGameWeeks.csproj", "{B2401F28-947C-4BC7-87EC-11EBCC53E342}"
EndProject
Project("{FAE04EC0-301F-11D3-BF4B-00C04F79EFBC}") = "CustomItems", "CustomItems\CustomItems.csproj", "{CA9E577C-212E-4B0A-ADD4-C0551F4593B7}"
EndProject
Project("{FAE04EC0-301F-11D3-BF4B-00C04F79EFBC}") = "CameraOptions", "CameraOptions\CameraOptions.csproj", "{0BB8E7BA-4B18-4C3E-ABB1-23F73835EC56}"
EndProject
Project("{FAE04EC0-301F-11D3-BF4B-00C04F79EFBC}") = "QuickWaterWell", "Sunset\QuickWaterWell\QuickWaterWell.csproj", "{346ADE26-954E-26D2-0689-76B89188899A}"
EndProject
Global
	GlobalSection(SolutionConfigurationPlatforms) = preSolution
		Debug|Any CPU = Debug|Any CPU
		Release|Any CPU = Release|Any CPU
	EndGlobalSection
	GlobalSection(ProjectConfigurationPlatforms) = postSolution
		{024004DE-56D3-4F83-A807-BE6C3C67DFD2}.Debug|Any CPU.ActiveCfg = Debug|Any CPU
		{024004DE-56D3-4F83-A807-BE6C3C67DFD2}.Debug|Any CPU.Build.0 = Debug|Any CPU
		{024004DE-56D3-4F83-A807-BE6C3C67DFD2}.Release|Any CPU.ActiveCfg = Release|Any CPU
		{024004DE-56D3-4F83-A807-BE6C3C67DFD2}.Release|Any CPU.Build.0 = Release|Any CPU
		{7F70F242-7340-45A5-B26B-AE74D518A179}.Debug|Any CPU.ActiveCfg = Debug|Any CPU
		{7F70F242-7340-45A5-B26B-AE74D518A179}.Debug|Any CPU.Build.0 = Debug|Any CPU
		{7F70F242-7340-45A5-B26B-AE74D518A179}.Release|Any CPU.ActiveCfg = Release|Any CPU
		{7F70F242-7340-45A5-B26B-AE74D518A179}.Release|Any CPU.Build.0 = Release|Any CPU
		{A57B5CF2-CA74-4482-AE84-E2B9D888D5C7}.Debug|Any CPU.ActiveCfg = Debug|Any CPU
		{A57B5CF2-CA74-4482-AE84-E2B9D888D5C7}.Debug|Any CPU.Build.0 = Debug|Any CPU
		{A57B5CF2-CA74-4482-AE84-E2B9D888D5C7}.Release|Any CPU.ActiveCfg = Release|Any CPU
		{A57B5CF2-CA74-4482-AE84-E2B9D888D5C7}.Release|Any CPU.Build.0 = Release|Any CPU
		{39EF14E6-AB22-43BC-B155-779712499514}.Debug|Any CPU.ActiveCfg = Debug|Any CPU
		{39EF14E6-AB22-43BC-B155-779712499514}.Debug|Any CPU.Build.0 = Debug|Any CPU
		{39EF14E6-AB22-43BC-B155-779712499514}.Release|Any CPU.ActiveCfg = Release|Any CPU
		{39EF14E6-AB22-43BC-B155-779712499514}.Release|Any CPU.Build.0 = Release|Any CPU
		{8F38AD19-B833-48C4-AA49-26F542137468}.Debug|Any CPU.ActiveCfg = Debug|Any CPU
		{8F38AD19-B833-48C4-AA49-26F542137468}.Debug|Any CPU.Build.0 = Debug|Any CPU
		{8F38AD19-B833-48C4-AA49-26F542137468}.Release|Any CPU.ActiveCfg = Release|Any CPU
		{8F38AD19-B833-48C4-AA49-26F542137468}.Release|Any CPU.Build.0 = Release|Any CPU
		{32F9FA15-F413-4EE9-8BBC-3250959712CC}.Debug|Any CPU.ActiveCfg = Debug|Any CPU
		{32F9FA15-F413-4EE9-8BBC-3250959712CC}.Debug|Any CPU.Build.0 = Debug|Any CPU
		{32F9FA15-F413-4EE9-8BBC-3250959712CC}.Release|Any CPU.ActiveCfg = Release|Any CPU
		{32F9FA15-F413-4EE9-8BBC-3250959712CC}.Release|Any CPU.Build.0 = Release|Any CPU
		{91C3F806-4B45-45BA-BBD7-E8113DFC9BF4}.Debug|Any CPU.ActiveCfg = Debug|Any CPU
		{91C3F806-4B45-45BA-BBD7-E8113DFC9BF4}.Debug|Any CPU.Build.0 = Debug|Any CPU
		{91C3F806-4B45-45BA-BBD7-E8113DFC9BF4}.Release|Any CPU.ActiveCfg = Release|Any CPU
		{91C3F806-4B45-45BA-BBD7-E8113DFC9BF4}.Release|Any CPU.Build.0 = Release|Any CPU
		{2274A1B5-DE30-44B9-91BA-2070E618DE84}.Debug|Any CPU.ActiveCfg = Debug|Any CPU
		{2274A1B5-DE30-44B9-91BA-2070E618DE84}.Debug|Any CPU.Build.0 = Debug|Any CPU
		{2274A1B5-DE30-44B9-91BA-2070E618DE84}.Release|Any CPU.ActiveCfg = Release|Any CPU
		{2274A1B5-DE30-44B9-91BA-2070E618DE84}.Release|Any CPU.Build.0 = Release|Any CPU
		{B77BE536-0131-4293-8B08-5631514731EF}.Debug|Any CPU.ActiveCfg = Debug|Any CPU
		{B77BE536-0131-4293-8B08-5631514731EF}.Debug|Any CPU.Build.0 = Debug|Any CPU
		{B77BE536-0131-4293-8B08-5631514731EF}.Release|Any CPU.ActiveCfg = Release|Any CPU
		{B77BE536-0131-4293-8B08-5631514731EF}.Release|Any CPU.Build.0 = Release|Any CPU
		{FA81AD87-0800-4322-826D-9E1F7230237A}.Debug|Any CPU.ActiveCfg = Debug|Any CPU
		{FA81AD87-0800-4322-826D-9E1F7230237A}.Debug|Any CPU.Build.0 = Debug|Any CPU
		{FA81AD87-0800-4322-826D-9E1F7230237A}.Release|Any CPU.ActiveCfg = Release|Any CPU
		{FA81AD87-0800-4322-826D-9E1F7230237A}.Release|Any CPU.Build.0 = Release|Any CPU
		{B2401F28-947C-4BC7-87EC-11EBCC53E342}.Debug|Any CPU.ActiveCfg = Debug|Any CPU
		{B2401F28-947C-4BC7-87EC-11EBCC53E342}.Debug|Any CPU.Build.0 = Debug|Any CPU
		{B2401F28-947C-4BC7-87EC-11EBCC53E342}.Release|Any CPU.ActiveCfg = Release|Any CPU
		{B2401F28-947C-4BC7-87EC-11EBCC53E342}.Release|Any CPU.Build.0 = Release|Any CPU
		{CA9E577C-212E-4B0A-ADD4-C0551F4593B7}.Debug|Any CPU.ActiveCfg = Debug|Any CPU
		{CA9E577C-212E-4B0A-ADD4-C0551F4593B7}.Debug|Any CPU.Build.0 = Debug|Any CPU
		{CA9E577C-212E-4B0A-ADD4-C0551F4593B7}.Release|Any CPU.ActiveCfg = Release|Any CPU
		{CA9E577C-212E-4B0A-ADD4-C0551F4593B7}.Release|Any CPU.Build.0 = Release|Any CPU
		{0BB8E7BA-4B18-4C3E-ABB1-23F73835EC56}.Debug|Any CPU.ActiveCfg = Debug|Any CPU
		{0BB8E7BA-4B18-4C3E-ABB1-23F73835EC56}.Debug|Any CPU.Build.0 = Debug|Any CPU
		{0BB8E7BA-4B18-4C3E-ABB1-23F73835EC56}.Release|Any CPU.ActiveCfg = Release|Any CPU
		{0BB8E7BA-4B18-4C3E-ABB1-23F73835EC56}.Release|Any CPU.Build.0 = Release|Any CPU
		{346ADE26-954E-26D2-0689-76B89188899A}.Debug|Any CPU.ActiveCfg = Debug|Any CPU
		{346ADE26-954E-26D2-0689-76B89188899A}.Debug|Any CPU.Build.0 = Debug|Any CPU
		{346ADE26-954E-26D2-0689-76B89188899A}.Release|Any CPU.ActiveCfg = Release|Any CPU
		{346ADE26-954E-26D2-0689-76B89188899A}.Release|Any CPU.Build.0 = Release|Any CPU
	EndGlobalSection
	GlobalSection(SolutionProperties) = preSolution
		HideSolutionNode = FALSE
	EndGlobalSection
EndGlobal
